lockfileVersion: 5.3

specifiers:
  '@fz6m/eslint-plugin-sakina': ^1.0.6
  '@typescript-eslint/parser': ^5.9.1
  eslint: ^8.6.0
  eslint-config-prettier: ^8.3.0
  eslint-plugin-prettier: ^4.0.0
  prettier: ^2.5.1
  swno: ^1.0.2
  typescript: ^4.5.4
  zx: ^4.2.0

devDependencies:
  '@fz6m/eslint-plugin-sakina': 1.0.6_c70701fe8fc57568b4d70a0966b95a07
  '@typescript-eslint/parser': 5.9.1_eslint@8.6.0+typescript@4.5.4
  eslint: 8.6.0
  eslint-config-prettier: 8.3.0_eslint@8.6.0
  eslint-plugin-prettier: 4.0.0_1c588f61426b1faf18812943f1678311
  prettier: 2.5.1
  swno: 1.0.2
  typescript: 4.5.4
  zx: 4.2.0

packages:

  /@eslint/eslintrc/1.0.5:
    resolution: {integrity: sha512-BLxsnmK3KyPunz5wmCCpqy0YelEoxxGmH73Is+Z74oOTMtExcjkr3dDR6quwrjh1YspA8DH9gnX1o069KiS9AQ==, tarball: '@eslint/eslintrc/download/@eslint/eslintrc-1.0.5.tgz'}
    engines: {node: ^12.22.0 || ^14.17.0 || >=16.0.0}
    dependencies:
      ajv: 6.12.6
      debug: 4.3.3
      espree: 9.3.0
      globals: 13.12.0
      ignore: 4.0.6
      import-fresh: 3.3.0
      js-yaml: 4.1.0
      minimatch: 3.0.4
      strip-json-comments: 3.1.1
    transitivePeerDependencies:
      - supports-color
    dev: true

  /@fz6m/eslint-plugin-sakina/1.0.6_c70701fe8fc57568b4d70a0966b95a07:
    resolution: {integrity: sha1-nqxm929qf/SFAKdB9lJ0N4ouYmQ=, tarball: '@fz6m/eslint-plugin-sakina/download/@fz6m/eslint-plugin-sakina-1.0.6.tgz'}
    peerDependencies:
      '@typescript-eslint/parser': ^5.2.0
      eslint: '>=7'
      eslint-config-prettier: ^8.3.0
      eslint-plugin-prettier: ^4.0.0
      eslint-plugin-react-hooks: ^4.2.0
      prettier: ^2.4.1
    dependencies:
      '@typescript-eslint/parser': 5.9.1_eslint@8.6.0+typescript@4.5.4
      eslint: 8.6.0
      eslint-config-prettier: 8.3.0_eslint@8.6.0
      eslint-plugin-prettier: 4.0.0_1c588f61426b1faf18812943f1678311
      prettier: 2.5.1
    dev: true

  /@humanwhocodes/config-array/0.9.2:
    resolution: {integrity: sha1-aL5VxzcCMAnfxf4kXVEYG7ZHaRQ=, tarball: '@humanwhocodes/config-array/download/@humanwhocodes/config-array-0.9.2.tgz'}
    engines: {node: '>=10.10.0'}
    dependencies:
      '@humanwhocodes/object-schema': 1.2.1
      debug: 4.3.3
      minimatch: 3.0.4
    transitivePeerDependencies:
      - supports-color
    dev: true

  /@humanwhocodes/object-schema/1.2.1:
    resolution: {integrity: sha1-tSBSnsIdjllFoYUd/Rwy6U45/0U=, tarball: '@humanwhocodes/object-schema/download/@humanwhocodes/object-schema-1.2.1.tgz'}
    dev: true

  /@napi-rs/triples/1.1.0:
    resolution: {integrity: sha512-XQr74QaLeMiqhStEhLn1im9EOMnkypp7MZOwQhGzqp2Weu5eQJbpPxWxixxlYRKWPOmJjsk6qYfYH9kq43yc2w==, tarball: '@napi-rs/triples/download/@napi-rs/triples-1.1.0.tgz'}
    dev: true

  /@node-rs/helper/1.3.2:
    resolution: {integrity: sha512-cjP3xk/x8YQP4bsg9CdzxC86olR2lLkTUR1LB9UtOZElMht3SzE/+X3ZYJfIeOzxfKcDA4uABg+/1JRgkx/Puw==, tarball: '@node-rs/helper/download/@node-rs/helper-1.3.2.tgz'}
    dependencies:
      '@napi-rs/triples': 1.1.0
    dev: true

  /@nodelib/fs.scandir/2.1.5:
    resolution: {integrity: sha1-dhnC6yGyVIP20WdUi0z9WnSIw9U=, tarball: '@nodelib/fs.scandir/download/@nodelib/fs.scandir-2.1.5.tgz'}
    engines: {node: '>= 8'}
    dependencies:
      '@nodelib/fs.stat': 2.0.5
      run-parallel: 1.2.0
    dev: true

  /@nodelib/fs.stat/2.0.5:
    resolution: {integrity: sha1-W9Jir5Tp0lvR5xsF3u1Eh2oiLos=, tarball: '@nodelib/fs.stat/download/@nodelib/fs.stat-2.0.5.tgz'}
    engines: {node: '>= 8'}
    dev: true

  /@nodelib/fs.walk/1.2.8:
    resolution: {integrity: sha1-6Vc36LtnRt3t9pxVaVNJTxlv5po=, tarball: '@nodelib/fs.walk/download/@nodelib/fs.walk-1.2.8.tgz?cache=0&sync_timestamp=1632822730231&other_urls=https%3A%2F%2Fregistry.npmmirror.com%2F%40nodelib%2Ffs.walk%2Fdownload%2F%40nodelib%2Ffs.walk-1.2.8.tgz'}
    engines: {node: '>= 8'}
    dependencies:
      '@nodelib/fs.scandir': 2.1.5
      fastq: 1.13.0
    dev: true

  /@swc/core-android-arm-eabi/1.2.129:
    resolution: {integrity: sha512-5/q+32xm9Ile5NWJeGKa3UhPrMxjx6rVph7yauJlzOOxPsE3v7vhKhBFBkNMzlscoKbC4PFyu54xaRR8TTvrww==, tarball: '@swc/core-android-arm-eabi/download/@swc/core-android-arm-eabi-1.2.129.tgz'}
    engines: {node: '>=10'}
    cpu: [arm]
    os: [android]
    requiresBuild: true
    dev: true
    optional: true

  /@swc/core-android-arm64/1.2.129:
    resolution: {integrity: sha512-e8n8g5BLQFXxOP/t6KY5JlK/40L+opjZyUZb3NHLuvFct7p9j5QpSPR8jkDYBPzvD75N7cPNE1KxPaU7QT5qYQ==, tarball: '@swc/core-android-arm64/download/@swc/core-android-arm64-1.2.129.tgz'}
    engines: {node: '>=10'}
    cpu: [arm64]
    os: [android]
    requiresBuild: true
    dev: true
    optional: true

  /@swc/core-darwin-arm64/1.2.129:
    resolution: {integrity: sha512-l86EpZb73PKFaOYR1Wsd3kXCz1/vgBrBLGB9JzKNTiH0yVDtRWl5PonMhntUBdg6AzwZToyeAumLWZ3Xo21GqQ==, tarball: '@swc/core-darwin-arm64/download/@swc/core-darwin-arm64-1.2.129.tgz'}
    engines: {node: '>=10'}
    cpu: [arm64]
    os: [darwin]
    requiresBuild: true
    dev: true
    optional: true

  /@swc/core-darwin-x64/1.2.129:
    resolution: {integrity: sha512-yd1hMErfoF4xrjt9jj/qWDtR74/5eCDc4+kSbe/hkZ4lCXaYpE8Po962trPgUd+mCLkW58ElArGP3uEPXvJofQ==, tarball: '@swc/core-darwin-x64/download/@swc/core-darwin-x64-1.2.129.tgz'}
    engines: {node: '>=10'}
    cpu: [x64]
    os: [darwin]
    requiresBuild: true
    dev: true
    optional: true

  /@swc/core-freebsd-x64/1.2.129:
    resolution: {integrity: sha512-u0ONxga6YOH1Bt0nihwtWPjLM/nB0x1RfK5R/J1xTZyV3d5AMu4Dp2LQi37K6gT9BIto/h7h2wTuHtgqhIDA+g==, tarball: '@swc/core-freebsd-x64/download/@swc/core-freebsd-x64-1.2.129.tgz'}
    engines: {node: '>=10'}
    cpu: [x64]
    os: [freebsd]
    requiresBuild: true
    dev: true
    optional: true

  /@swc/core-linux-arm-gnueabihf/1.2.129:
    resolution: {integrity: sha512-Tr3IwKRASqSFJnv1NV+fHunIGh0lqRY89GDwEiGbWnEiEIrviRdFdQd3w+zJk3SQFj9raaZTZoWuAfHduePSwg==, tarball: '@swc/core-linux-arm-gnueabihf/download/@swc/core-linux-arm-gnueabihf-1.2.129.tgz'}
    engines: {node: '>=10'}
    cpu: [arm]
    os: [linux]
    requiresBuild: true
    dev: true
    optional: true

  /@swc/core-linux-arm64-gnu/1.2.129:
    resolution: {integrity: sha512-r0SrNxI1ZLZLvkl3a2UeGBEGiylL9XKKFbrlWebvgsZcRA3fzBiuJ3NVHO0PzE4S4+KvV73sCwA9MusFv28jvQ==, tarball: '@swc/core-linux-arm64-gnu/download/@swc/core-linux-arm64-gnu-1.2.129.tgz'}
    engines: {node: '>=10'}
    cpu: [arm64]
    os: [linux]
    requiresBuild: true
    dev: true
    optional: true

  /@swc/core-linux-arm64-musl/1.2.129:
    resolution: {integrity: sha512-8BBLmBDsGm+/rrZ8AAk9AktemnVxe1m9csZ5OElzyvqcsHWjqfION657Ae1UEzUtFTzdeP5Lx0WeEqigBu2W8A==, tarball: '@swc/core-linux-arm64-musl/download/@swc/core-linux-arm64-musl-1.2.129.tgz'}
    engines: {node: '>=10'}
    cpu: [arm64]
    os: [linux]
    requiresBuild: true
    dev: true
    optional: true

  /@swc/core-linux-x64-gnu/1.2.129:
    resolution: {integrity: sha512-iL4sM+0pLD0V2H6QJrkFpvL6hjWzjEMww8peXG/+0b1jXleD0GuN+NuguMmZHEbr64+uqm2KFA9ctKyTBH9aQQ==, tarball: '@swc/core-linux-x64-gnu/download/@swc/core-linux-x64-gnu-1.2.129.tgz'}
    engines: {node: '>=10'}
    cpu: [x64]
    os: [linux]
    requiresBuild: true
    dev: true
    optional: true

  /@swc/core-linux-x64-musl/1.2.129:
    resolution: {integrity: sha512-4RKrA1KhQVx6no5AxO7lqwnijYAx1GQ1v0xywiiYSrQkDxi2Q+yAqxDvWS9UT2LtEaOO9HzCr3vWEoHp+wDd2w==, tarball: '@swc/core-linux-x64-musl/download/@swc/core-linux-x64-musl-1.2.129.tgz'}
    engines: {node: '>=10'}
    cpu: [x64]
    os: [linux]
    requiresBuild: true
    dev: true
    optional: true

  /@swc/core-win32-arm64-msvc/1.2.129:
    resolution: {integrity: sha512-Qrh0vytLHzkZezHemNcZFQSj3AQ559WA35Dwzt7BO6a0UvwjHAJHdKSIaF8pYeVdr44VcwqcS0BO9D7rDHWNkQ==, tarball: '@swc/core-win32-arm64-msvc/download/@swc/core-win32-arm64-msvc-1.2.129.tgz'}
    engines: {node: '>=10'}
    cpu: [arm64]
    os: [win32]
    requiresBuild: true
    dev: true
    optional: true

  /@swc/core-win32-ia32-msvc/1.2.129:
    resolution: {integrity: sha512-wXUqCoQeH0ktOEPkAJXwt4KAhrChmDJD82ydJzkrDFyFyQnY5axBFDLX1XespsI5eNRxzag/FemewMbagnHoSw==, tarball: '@swc/core-win32-ia32-msvc/download/@swc/core-win32-ia32-msvc-1.2.129.tgz'}
    engines: {node: '>=10'}
    cpu: [ia32]
    os: [win32]
    requiresBuild: true
    dev: true
    optional: true

  /@swc/core-win32-x64-msvc/1.2.129:
    resolution: {integrity: sha512-SqfiGn1KTlunTK42gtJ7XUP0IaVkYKQAfBEP6PT+t5xoQVcxOla5lR8cvoN5b2wQkFUL/yLkc+HuFjzi5vdppg==, tarball: '@swc/core-win32-x64-msvc/download/@swc/core-win32-x64-msvc-1.2.129.tgz'}
    engines: {node: '>=10'}
    cpu: [x64]
    os: [win32]
    requiresBuild: true
    dev: true
    optional: true

  /@swc/core/1.2.129:
    resolution: {integrity: sha512-Ay2Vt/uI+vRn6Nu5nRTjcuRlXejN5VfYOCCsNGqA5DIrhO0VSwxyOncL/kYlGtzE5XhYBE5eU8QIkRC+koI/fw==, tarball: '@swc/core/download/@swc/core-1.2.129.tgz'}
    engines: {node: '>=10'}
    dependencies:
      '@node-rs/helper': 1.3.2
    optionalDependencies:
      '@swc/core-android-arm-eabi': 1.2.129
      '@swc/core-android-arm64': 1.2.129
      '@swc/core-darwin-arm64': 1.2.129
      '@swc/core-darwin-x64': 1.2.129
      '@swc/core-freebsd-x64': 1.2.129
      '@swc/core-linux-arm-gnueabihf': 1.2.129
      '@swc/core-linux-arm64-gnu': 1.2.129
      '@swc/core-linux-arm64-musl': 1.2.129
      '@swc/core-linux-x64-gnu': 1.2.129
      '@swc/core-linux-x64-musl': 1.2.129
      '@swc/core-win32-arm64-msvc': 1.2.129
      '@swc/core-win32-ia32-msvc': 1.2.129
      '@swc/core-win32-x64-msvc': 1.2.129
    dev: true

  /@types/fs-extra/9.0.13:
    resolution: {integrity: sha1-dZT7rgT+fxkYzos9IT90/0SsH0U=, tarball: '@types/fs-extra/download/@types/fs-extra-9.0.13.tgz'}
    dependencies:
      '@types/node': 16.11.19
    dev: true

  /@types/minimist/1.2.2:
    resolution: {integrity: sha1-7nceK6Sz3Fs3KTXVSf2WF780W4w=, tarball: '@types/minimist/download/@types/minimist-1.2.2.tgz'}
    dev: true

  /@types/node-fetch/2.5.12:
    resolution: {integrity: sha1-im93mx1OYLelf7b9SNhPtUW5zGY=, tarball: '@types/node-fetch/download/@types/node-fetch-2.5.12.tgz'}
    dependencies:
      '@types/node': 16.11.19
      form-data: 3.0.1
    dev: true

  /@types/node/16.11.19:
    resolution: {integrity: sha512-BPAcfDPoHlRQNKktbsbnpACGdypPFBuX4xQlsWDE7B8XXcfII+SpOLay3/qZmCLb39kV5S1RTYwXdkx2lwLYng==, tarball: '@types/node/download/@types/node-16.11.19.tgz'}
    dev: true

  /@typescript-eslint/parser/5.9.1_eslint@8.6.0+typescript@4.5.4:
    resolution: {integrity: sha512-PLYO0AmwD6s6n0ZQB5kqPgfvh73p0+VqopQQLuNfi7Lm0EpfKyDalchpVwkE+81k5HeiRrTV/9w1aNHzjD7C4g==, tarball: '@typescript-eslint/parser/download/@typescript-eslint/parser-5.9.1.tgz'}
    engines: {node: ^12.22.0 || ^14.17.0 || >=16.0.0}
    peerDependencies:
      eslint: ^6.0.0 || ^7.0.0 || ^8.0.0
      typescript: '*'
    peerDependenciesMeta:
      typescript:
        optional: true
    dependencies:
      '@typescript-eslint/scope-manager': 5.9.1
      '@typescript-eslint/types': 5.9.1
      '@typescript-eslint/typescript-estree': 5.9.1_typescript@4.5.4
      debug: 4.3.3
      eslint: 8.6.0
      typescript: 4.5.4
    transitivePeerDependencies:
      - supports-color
    dev: true

  /@typescript-eslint/scope-manager/5.9.1:
    resolution: {integrity: sha512-8BwvWkho3B/UOtzRyW07ffJXPaLSUKFBjpq8aqsRvu6HdEuzCY57+ffT7QoV4QXJXWSU1+7g3wE4AlgImmQ9pQ==, tarball: '@typescript-eslint/scope-manager/download/@typescript-eslint/scope-manager-5.9.1.tgz'}
    engines: {node: ^12.22.0 || ^14.17.0 || >=16.0.0}
    dependencies:
      '@typescript-eslint/types': 5.9.1
      '@typescript-eslint/visitor-keys': 5.9.1
    dev: true

  /@typescript-eslint/types/5.9.1:
    resolution: {integrity: sha512-SsWegWudWpkZCwwYcKoDwuAjoZXnM1y2EbEerTHho19Hmm+bQ56QG4L4jrtCu0bI5STaRTvRTZmjprWlTw/5NQ==, tarball: '@typescript-eslint/types/download/@typescript-eslint/types-5.9.1.tgz'}
    engines: {node: ^12.22.0 || ^14.17.0 || >=16.0.0}
    dev: true

  /@typescript-eslint/typescript-estree/5.9.1_typescript@4.5.4:
    resolution: {integrity: sha512-gL1sP6A/KG0HwrahVXI9fZyeVTxEYV//6PmcOn1tD0rw8VhUWYeZeuWHwwhnewnvEMcHjhnJLOBhA9rK4vmb8A==, tarball: '@typescript-eslint/typescript-estree/download/@typescript-eslint/typescript-estree-5.9.1.tgz'}
    engines: {node: ^12.22.0 || ^14.17.0 || >=16.0.0}
    peerDependencies:
      typescript: '*'
    peerDependenciesMeta:
      typescript:
        optional: true
    dependencies:
      '@typescript-eslint/types': 5.9.1
      '@typescript-eslint/visitor-keys': 5.9.1
      debug: 4.3.3
      globby: 11.1.0
      is-glob: 4.0.3
      semver: 7.3.5
      tsutils: 3.21.0_typescript@4.5.4
      typescript: 4.5.4
    transitivePeerDependencies:
      - supports-color
    dev: true

  /@typescript-eslint/visitor-keys/5.9.1:
    resolution: {integrity: sha512-Xh37pNz9e9ryW4TVdwiFzmr4hloty8cFj8GTWMXh3Z8swGwyQWeCcNgF0hm6t09iZd6eiZmIf4zHedQVP6TVtg==, tarball: '@typescript-eslint/visitor-keys/download/@typescript-eslint/visitor-keys-5.9.1.tgz'}
    engines: {node: ^12.22.0 || ^14.17.0 || >=16.0.0}
    dependencies:
      '@typescript-eslint/types': 5.9.1
      eslint-visitor-keys: 3.1.0
    dev: true

  /acorn-jsx/5.3.2_acorn@8.7.0:
    resolution: {integrity: sha1-ftW7VZCLOy8bxVxq8WU7rafweTc=, tarball: acorn-jsx/download/acorn-jsx-5.3.2.tgz}
    peerDependencies:
      acorn: ^6.0.0 || ^7.0.0 || ^8.0.0
    dependencies:
      acorn: 8.7.0
    dev: true

  /acorn/8.7.0:
    resolution: {integrity: sha512-V/LGr1APy+PXIwKebEWrkZPwoeoF+w1jiOBUmuxuiUIaOHtob8Qc9BTrYo7VuI5fR8tqsy+buA2WFooR5olqvQ==, tarball: acorn/download/acorn-8.7.0.tgz}
    engines: {node: '>=0.4.0'}
    hasBin: true
    dev: true

  /ajv/6.12.6:
    resolution: {integrity: sha512-j3fVLgvTo527anyYyJOGTYJbG+vnnQYvE0m5mmkc1TK+nxAppkCLMIL0aZ4dblVCNoGShhm+kzE4ZUykBoMg4g==, tarball: ajv/download/ajv-6.12.6.tgz}
    dependencies:
      fast-deep-equal: 3.1.3
      fast-json-stable-stringify: 2.1.0
      json-schema-traverse: 0.4.1
      uri-js: 4.4.1
    dev: true

  /ansi-colors/4.1.1:
    resolution: {integrity: sha1-y7muJWv3UK8eqzRPIpqif+lLo0g=, tarball: ansi-colors/download/ansi-colors-4.1.1.tgz?cache=0&sync_timestamp=1632822734303&other_urls=https%3A%2F%2Fregistry.npmmirror.com%2Fansi-colors%2Fdownload%2Fansi-colors-4.1.1.tgz}
    engines: {node: '>=6'}
    dev: true

  /ansi-regex/5.0.1:
    resolution: {integrity: sha1-CCyyyJyf6GWaMRpTvWpNxTAdswQ=, tarball: ansi-regex/download/ansi-regex-5.0.1.tgz}
    engines: {node: '>=8'}
    dev: true

  /ansi-styles/4.3.0:
    resolution: {integrity: sha512-zbB9rCJAT1rbjiVDb2hqKFHNYLxgtk8NURxZ3IZwD3F6NtxbXZQCnnSi1Lkx+IDohdPlFp222wVALIheZJQSEg==, tarball: ansi-styles/download/ansi-styles-4.3.0.tgz}
    engines: {node: '>=8'}
    dependencies:
      color-convert: 2.0.1
    dev: true

  /argparse/2.0.1:
    resolution: {integrity: sha1-JG9Q88p4oyQPbJl+ipvR6sSeSzg=, tarball: argparse/download/argparse-2.0.1.tgz}
    dev: true

  /array-union/2.1.0:
    resolution: {integrity: sha1-t5hCCtvrHego2ErNii4j0+/oXo0=, tarball: array-union/download/array-union-2.1.0.tgz}
    engines: {node: '>=8'}
    dev: true

  /array-union/3.0.1:
    resolution: {integrity: sha1-2lJjDTJ/i4jPv7V3KOKvXNm2uXU=, tarball: array-union/download/array-union-3.0.1.tgz}
    engines: {node: '>=12'}
    dev: true

  /asynckit/0.4.0:
    resolution: {integrity: sha1-x57Zf380y48robyXkLzDZkdLS3k=, tarball: asynckit/download/asynckit-0.4.0.tgz}
    dev: true

  /balanced-match/1.0.2:
    resolution: {integrity: sha1-6D46fj8wCzTLnYf2FfoMvzV2kO4=, tarball: balanced-match/download/balanced-match-1.0.2.tgz}
    dev: true

  /brace-expansion/1.1.11:
    resolution: {integrity: sha1-PH/L9SnYcibz0vUrlm/1Jx60Qd0=, tarball: brace-expansion/download/brace-expansion-1.1.11.tgz}
    dependencies:
      balanced-match: 1.0.2
      concat-map: 0.0.1
    dev: true

  /braces/3.0.2:
    resolution: {integrity: sha1-NFThpGLujVmeI23zNs2epPiv4Qc=, tarball: braces/download/braces-3.0.2.tgz}
    engines: {node: '>=8'}
    dependencies:
      fill-range: 7.0.1
    dev: true

  /callsites/3.1.0:
    resolution: {integrity: sha1-s2MKvYlDQy9Us/BRkjjjPNffL3M=, tarball: callsites/download/callsites-3.1.0.tgz}
    engines: {node: '>=6'}
    dev: true

  /chalk/4.1.2:
    resolution: {integrity: sha1-qsTit3NKdAhnrrFr8CqtVWoeegE=, tarball: chalk/download/chalk-4.1.2.tgz}
    engines: {node: '>=10'}
    dependencies:
      ansi-styles: 4.3.0
      supports-color: 7.2.0
    dev: true

  /color-convert/2.0.1:
    resolution: {integrity: sha1-ctOmjVmMm9s68q0ehPIdiWq9TeM=, tarball: color-convert/download/color-convert-2.0.1.tgz}
    engines: {node: '>=7.0.0'}
    dependencies:
      color-name: 1.1.4
    dev: true

  /color-name/1.1.4:
    resolution: {integrity: sha1-wqCah6y95pVD3m9j+jmVyCbFNqI=, tarball: color-name/download/color-name-1.1.4.tgz}
    dev: true

  /combined-stream/1.0.8:
    resolution: {integrity: sha1-w9RaizT9cwYxoRCoolIGgrMdWn8=, tarball: combined-stream/download/combined-stream-1.0.8.tgz}
    engines: {node: '>= 0.8'}
    dependencies:
      delayed-stream: 1.0.0
    dev: true

  /concat-map/0.0.1:
    resolution: {integrity: sha1-2Klr13/Wjfd5OnMDajug1UBdR3s=, tarball: concat-map/download/concat-map-0.0.1.tgz}
    dev: true

  /cross-spawn/7.0.3:
    resolution: {integrity: sha1-9zqFudXUHQRVUcF34ogtSshXKKY=, tarball: cross-spawn/download/cross-spawn-7.0.3.tgz}
    engines: {node: '>= 8'}
    dependencies:
      path-key: 3.1.1
      shebang-command: 2.0.0
      which: 2.0.2
    dev: true

  /debug/4.3.3:
    resolution: {integrity: sha512-/zxw5+vh1Tfv+4Qn7a5nsbcJKPaSvCDhojn6FEl9vupwK2VCSDtEiEtqr8DFtzYFOdz63LBkxec7DYuc2jon6Q==, tarball: debug/download/debug-4.3.3.tgz}
    engines: {node: '>=6.0'}
    peerDependencies:
      supports-color: '*'
    peerDependenciesMeta:
      supports-color:
        optional: true
    dependencies:
      ms: 2.1.2
    dev: true

  /deep-is/0.1.4:
    resolution: {integrity: sha1-pvLc5hL63S7x9Rm3NVHxfoUZmDE=, tarball: deep-is/download/deep-is-0.1.4.tgz}
    dev: true

  /delayed-stream/1.0.0:
    resolution: {integrity: sha1-3zrhmayt+31ECqrgsp4icrJOxhk=, tarball: delayed-stream/download/delayed-stream-1.0.0.tgz}
    engines: {node: '>=0.4.0'}
    dev: true

  /dir-glob/3.0.1:
    resolution: {integrity: sha1-Vtv3PZkqSpO6FYT0U0Bj/S5BcX8=, tarball: dir-glob/download/dir-glob-3.0.1.tgz}
    engines: {node: '>=8'}
    dependencies:
      path-type: 4.0.0
    dev: true

  /doctrine/3.0.0:
    resolution: {integrity: sha1-rd6+rXKmV023g2OdyHoSF3OXOWE=, tarball: doctrine/download/doctrine-3.0.0.tgz}
    engines: {node: '>=6.0.0'}
    dependencies:
      esutils: 2.0.3
    dev: true

  /duplexer/0.1.2:
    resolution: {integrity: sha1-Or5DrvODX4rgd9E23c4PJ2sEAOY=, tarball: duplexer/download/duplexer-0.1.2.tgz}
    dev: true

  /enquirer/2.3.6:
    resolution: {integrity: sha1-Kn/l3WNKHkElqXXsmU/1RW3Dc00=, tarball: enquirer/download/enquirer-2.3.6.tgz}
    engines: {node: '>=8.6'}
    dependencies:
      ansi-colors: 4.1.1
    dev: true

  /escape-string-regexp/4.0.0:
    resolution: {integrity: sha1-FLqDpdNz49MR5a/KKc9b+tllvzQ=, tarball: escape-string-regexp/download/escape-string-regexp-4.0.0.tgz}
    engines: {node: '>=10'}
    dev: true

  /eslint-config-prettier/8.3.0_eslint@8.6.0:
    resolution: {integrity: sha1-90cbILb+ipqSVMxoRFQgKIai3Xo=, tarball: eslint-config-prettier/download/eslint-config-prettier-8.3.0.tgz?cache=0&sync_timestamp=1632822782433&other_urls=https%3A%2F%2Fregistry.npmmirror.com%2Feslint-config-prettier%2Fdownload%2Feslint-config-prettier-8.3.0.tgz}
    hasBin: true
    peerDependencies:
      eslint: '>=7.0.0'
    dependencies:
      eslint: 8.6.0
    dev: true

  /eslint-plugin-prettier/4.0.0_1c588f61426b1faf18812943f1678311:
    resolution: {integrity: sha1-i5nR5LiySnYkcrRWeZICNhnLmOA=, tarball: eslint-plugin-prettier/download/eslint-plugin-prettier-4.0.0.tgz}
    engines: {node: '>=6.0.0'}
    peerDependencies:
      eslint: '>=7.28.0'
      eslint-config-prettier: '*'
      prettier: '>=2.0.0'
    peerDependenciesMeta:
      eslint-config-prettier:
        optional: true
    dependencies:
      eslint: 8.6.0
      eslint-config-prettier: 8.3.0_eslint@8.6.0
      prettier: 2.5.1
      prettier-linter-helpers: 1.0.0
    dev: true

  /eslint-scope/7.1.0:
    resolution: {integrity: sha512-aWwkhnS0qAXqNOgKOK0dJ2nvzEbhEvpy8OlJ9kZ0FeZnA6zpjv1/Vei+puGFFX7zkPCkHHXb7IDX3A+7yPrRWg==, tarball: eslint-scope/download/eslint-scope-7.1.0.tgz}
    engines: {node: ^12.22.0 || ^14.17.0 || >=16.0.0}
    dependencies:
      esrecurse: 4.3.0
      estraverse: 5.3.0
    dev: true

  /eslint-utils/3.0.0_eslint@8.6.0:
    resolution: {integrity: sha1-iuuvrOc0W7M1WdsKHxOh0tSMNnI=, tarball: eslint-utils/download/eslint-utils-3.0.0.tgz?cache=0&sync_timestamp=1632822771335&other_urls=https%3A%2F%2Fregistry.npmmirror.com%2Feslint-utils%2Fdownload%2Feslint-utils-3.0.0.tgz}
    engines: {node: ^10.0.0 || ^12.0.0 || >= 14.0.0}
    peerDependencies:
      eslint: '>=5'
    dependencies:
      eslint: 8.6.0
      eslint-visitor-keys: 2.1.0
    dev: true

  /eslint-visitor-keys/2.1.0:
    resolution: {integrity: sha1-9lMoJZMFknOSyTjtROsKXJsr0wM=, tarball: eslint-visitor-keys/download/eslint-visitor-keys-2.1.0.tgz?cache=0&sync_timestamp=1636381637069&other_urls=https%3A%2F%2Fregistry.npmmirror.com%2Feslint-visitor-keys%2Fdownload%2Feslint-visitor-keys-2.1.0.tgz}
    engines: {node: '>=10'}
    dev: true

  /eslint-visitor-keys/3.1.0:
    resolution: {integrity: sha512-yWJFpu4DtjsWKkt5GeNBBuZMlNcYVs6vRCLoCVEJrTjaSB6LC98gFipNK/erM2Heg/E8mIK+hXG/pJMLK+eRZA==, tarball: eslint-visitor-keys/download/eslint-visitor-keys-3.1.0.tgz?cache=0&sync_timestamp=1636381637069&other_urls=https%3A%2F%2Fregistry.npmmirror.com%2Feslint-visitor-keys%2Fdownload%2Feslint-visitor-keys-3.1.0.tgz}
    engines: {node: ^12.22.0 || ^14.17.0 || >=16.0.0}
    dev: true

  /eslint/8.6.0:
    resolution: {integrity: sha512-UvxdOJ7mXFlw7iuHZA4jmzPaUqIw54mZrv+XPYKNbKdLR0et4rf60lIZUU9kiNtnzzMzGWxMV+tQ7uG7JG8DPw==, tarball: eslint/download/eslint-8.6.0.tgz}
    engines: {node: ^12.22.0 || ^14.17.0 || >=16.0.0}
    hasBin: true
    dependencies:
      '@eslint/eslintrc': 1.0.5
      '@humanwhocodes/config-array': 0.9.2
      ajv: 6.12.6
      chalk: 4.1.2
      cross-spawn: 7.0.3
      debug: 4.3.3
      doctrine: 3.0.0
      enquirer: 2.3.6
      escape-string-regexp: 4.0.0
      eslint-scope: 7.1.0
      eslint-utils: 3.0.0_eslint@8.6.0
      eslint-visitor-keys: 3.1.0
      espree: 9.3.0
      esquery: 1.4.0
      esutils: 2.0.3
      fast-deep-equal: 3.1.3
      file-entry-cache: 6.0.1
      functional-red-black-tree: 1.0.1
      glob-parent: 6.0.2
      globals: 13.12.0
      ignore: 4.0.6
      import-fresh: 3.3.0
      imurmurhash: 0.1.4
      is-glob: 4.0.3
      js-yaml: 4.1.0
      json-stable-stringify-without-jsonify: 1.0.1
      levn: 0.4.1
      lodash.merge: 4.6.2
      minimatch: 3.0.4
      natural-compare: 1.4.0
      optionator: 0.9.1
      progress: 2.0.3
      regexpp: 3.2.0
      semver: 7.3.5
      strip-ansi: 6.0.1
      strip-json-comments: 3.1.1
      text-table: 0.2.0
      v8-compile-cache: 2.3.0
    transitivePeerDependencies:
      - supports-color
    dev: true

  /espree/9.3.0:
    resolution: {integrity: sha512-d/5nCsb0JcqsSEeQzFZ8DH1RmxPcglRWh24EFTlUEmCKoehXGdpsx0RkHDubqUI8LSAIKMQp4r9SzQ3n+sm4HQ==, tarball: espree/download/espree-9.3.0.tgz}
    engines: {node: ^12.22.0 || ^14.17.0 || >=16.0.0}
    dependencies:
      acorn: 8.7.0
      acorn-jsx: 5.3.2_acorn@8.7.0
      eslint-visitor-keys: 3.1.0
    dev: true

  /esquery/1.4.0:
    resolution: {integrity: sha1-IUj/w4uC6McFff7UhCWz5h8PJKU=, tarball: esquery/download/esquery-1.4.0.tgz}
    engines: {node: '>=0.10'}
    dependencies:
      estraverse: 5.3.0
    dev: true

  /esrecurse/4.3.0:
    resolution: {integrity: sha1-eteWTWeauyi+5yzsY3WLHF0smSE=, tarball: esrecurse/download/esrecurse-4.3.0.tgz}
    engines: {node: '>=4.0'}
    dependencies:
      estraverse: 5.3.0
    dev: true

  /estraverse/5.3.0:
    resolution: {integrity: sha1-LupSkHAvJquP5TcDcP+GyWXSESM=, tarball: estraverse/download/estraverse-5.3.0.tgz}
    engines: {node: '>=4.0'}
    dev: true

  /esutils/2.0.3:
    resolution: {integrity: sha1-dNLrTeC42hKTcRkQ1Qd1ubcQ72Q=, tarball: esutils/download/esutils-2.0.3.tgz}
    engines: {node: '>=0.10.0'}
    dev: true

  /event-stream/3.3.4:
    resolution: {integrity: sha1-SrTJoPWlTbkzi0w02Gv86PSzVXE=, tarball: event-stream/download/event-stream-3.3.4.tgz}
    dependencies:
      duplexer: 0.1.2
      from: 0.1.7
      map-stream: 0.1.0
      pause-stream: 0.0.11
      split: 0.3.3
      stream-combiner: 0.0.4
      through: 2.3.8
    dev: true

  /fast-deep-equal/3.1.3:
    resolution: {integrity: sha1-On1WtVnWy8PrUSMlJE5hmmXGxSU=, tarball: fast-deep-equal/download/fast-deep-equal-3.1.3.tgz}
    dev: true

  /fast-diff/1.2.0:
    resolution: {integrity: sha1-c+4RmC2Gyq95WYKNUZz+kn+sXwM=, tarball: fast-diff/download/fast-diff-1.2.0.tgz}
    dev: true

  /fast-glob/3.2.10:
    resolution: {integrity: sha512-s9nFhFnvR63wls6/kM88kQqDhMu0AfdjqouE2l5GVQPbqLgyFjjU5ry/r2yKsJxpb9Py1EYNqieFrmMaX4v++A==, tarball: fast-glob/download/fast-glob-3.2.10.tgz}
    engines: {node: '>=8.6.0'}
    dependencies:
      '@nodelib/fs.stat': 2.0.5
      '@nodelib/fs.walk': 1.2.8
      glob-parent: 5.1.2
      merge2: 1.4.1
      micromatch: 4.0.4
    dev: true

  /fast-json-stable-stringify/2.1.0:
    resolution: {integrity: sha1-h0v2nG9ATCtdmcSBNBOZ/VWJJjM=, tarball: fast-json-stable-stringify/download/fast-json-stable-stringify-2.1.0.tgz}
    dev: true

  /fast-levenshtein/2.0.6:
    resolution: {integrity: sha1-PYpcZog6FqMMqGQ+hR8Zuqd5eRc=, tarball: fast-levenshtein/download/fast-levenshtein-2.0.6.tgz?cache=0&sync_timestamp=1632822799013&other_urls=https%3A%2F%2Fregistry.npmmirror.com%2Ffast-levenshtein%2Fdownload%2Ffast-levenshtein-2.0.6.tgz}
    dev: true

  /fastq/1.13.0:
    resolution: {integrity: sha1-YWdg+Ip1Jr38WWt8q4wYk4w2uYw=, tarball: fastq/download/fastq-1.13.0.tgz?cache=0&sync_timestamp=1632822735358&other_urls=https%3A%2F%2Fregistry.npmmirror.com%2Ffastq%2Fdownload%2Ffastq-1.13.0.tgz}
    dependencies:
      reusify: 1.0.4
    dev: true

  /file-entry-cache/6.0.1:
    resolution: {integrity: sha1-IRst2WWcsDlLBz5zI6w8kz1SICc=, tarball: file-entry-cache/download/file-entry-cache-6.0.1.tgz}
    engines: {node: ^10.12.0 || >=12.0.0}
    dependencies:
      flat-cache: 3.0.4
    dev: true

  /fill-range/7.0.1:
    resolution: {integrity: sha1-GRmmp8df44ssfHflGYU12prN2kA=, tarball: fill-range/download/fill-range-7.0.1.tgz}
    engines: {node: '>=8'}
    dependencies:
      to-regex-range: 5.0.1
    dev: true

  /flat-cache/3.0.4:
    resolution: {integrity: sha1-YbAzgwKy/p+Vfcwy/CqH8cMEixE=, tarball: flat-cache/download/flat-cache-3.0.4.tgz}
    engines: {node: ^10.12.0 || >=12.0.0}
    dependencies:
      flatted: 3.2.4
      rimraf: 3.0.2
    dev: true

  /flatted/3.2.4:
    resolution: {integrity: sha512-8/sOawo8tJ4QOBX8YlQBMxL8+RLZfxMQOif9o0KUKTNTjMYElWPE0r/m5VNFxTRd0NSw8qSy8dajrwX4RYI1Hw==, tarball: flatted/download/flatted-3.2.4.tgz}
    dev: true

  /form-data/3.0.1:
    resolution: {integrity: sha1-69U3kbeDVqma+aMA1CgsTV65dV8=, tarball: form-data/download/form-data-3.0.1.tgz}
    engines: {node: '>= 6'}
    dependencies:
      asynckit: 0.4.0
      combined-stream: 1.0.8
      mime-types: 2.1.34
    dev: true

  /from/0.1.7:
    resolution: {integrity: sha512-twe20eF1OxVxp/ML/kq2p1uc6KvFK/+vs8WjEbeKmV2He22MKm7YF2ANIt+EOqhJ5L3K/SuuPhk0hWQDjOM23g==, tarball: from/download/from-0.1.7.tgz}
    dev: true

  /fs-extra/10.0.0:
    resolution: {integrity: sha1-n/YbZV3eU/s0qC34S7IUzoAuF8E=, tarball: fs-extra/download/fs-extra-10.0.0.tgz?cache=0&sync_timestamp=1632822706452&other_urls=https%3A%2F%2Fregistry.npmmirror.com%2Ffs-extra%2Fdownload%2Ffs-extra-10.0.0.tgz}
    engines: {node: '>=12'}
    dependencies:
      graceful-fs: 4.2.9
      jsonfile: 6.1.0
      universalify: 2.0.0
    dev: true

  /fs.realpath/1.0.0:
    resolution: {integrity: sha1-FQStJSMVjKpA20onh8sBQRmU6k8=, tarball: fs.realpath/download/fs.realpath-1.0.0.tgz}
    dev: true

  /functional-red-black-tree/1.0.1:
    resolution: {integrity: sha1-GwqzvVU7Kg1jmdKcDj6gslIHgyc=, tarball: functional-red-black-tree/download/functional-red-black-tree-1.0.1.tgz}
    dev: true

  /glob-parent/5.1.2:
    resolution: {integrity: sha1-hpgyxYA0/mikCTwX3BXoNA2EAcQ=, tarball: glob-parent/download/glob-parent-5.1.2.tgz}
    engines: {node: '>= 6'}
    dependencies:
      is-glob: 4.0.3
    dev: true

  /glob-parent/6.0.2:
    resolution: {integrity: sha1-bSN9mQg5UMeSkPJMdkKj3poo+eM=, tarball: glob-parent/download/glob-parent-6.0.2.tgz}
    engines: {node: '>=10.13.0'}
    dependencies:
      is-glob: 4.0.3
    dev: true

  /glob/7.2.0:
    resolution: {integrity: sha512-lmLf6gtyrPq8tTjSmrO94wBeQbFR3HbLHbuyD69wuyQkImp2hWqMGB47OX65FBkPffO641IP9jWa1z4ivqG26Q==, tarball: glob/download/glob-7.2.0.tgz}
    dependencies:
      fs.realpath: 1.0.0
      inflight: 1.0.6
      inherits: 2.0.4
      minimatch: 3.0.4
      once: 1.4.0
      path-is-absolute: 1.0.1
    dev: true

  /globals/13.12.0:
    resolution: {integrity: sha1-TXM3YDBCMKAILtluIeXFZfiYCJ4=, tarball: globals/download/globals-13.12.0.tgz}
    engines: {node: '>=8'}
    dependencies:
      type-fest: 0.20.2
    dev: true

  /globby/11.1.0:
    resolution: {integrity: sha512-jhIXaOzy1sb8IyocaruWSn1TjmnBVs8Ayhcy83rmxNJ8q2uWKCAj3CnJY+KpGSXCueAPc0i05kVvVKtP1t9S3g==, tarball: globby/download/globby-11.1.0.tgz}
    engines: {node: '>=10'}
    dependencies:
      array-union: 2.1.0
      dir-glob: 3.0.1
      fast-glob: 3.2.10
      ignore: 5.2.0
      merge2: 1.4.1
      slash: 3.0.0
    dev: true

  /globby/12.0.2:
    resolution: {integrity: sha1-U3iLKt8jVgLtTKv+pccKETnhqxE=, tarball: globby/download/globby-12.0.2.tgz}
    engines: {node: ^12.20.0 || ^14.13.1 || >=16.0.0}
    dependencies:
      array-union: 3.0.1
      dir-glob: 3.0.1
      fast-glob: 3.2.10
      ignore: 5.2.0
      merge2: 1.4.1
      slash: 4.0.0
    dev: true

  /graceful-fs/4.2.9:
    resolution: {integrity: sha512-NtNxqUcXgpW2iMrfqSfR73Glt39K+BLwWsPs94yR63v45T0Wbej7eRmL5cWfwEgqXnmjQp3zaJTshdRW/qC2ZQ==, tarball: graceful-fs/download/graceful-fs-4.2.9.tgz}
    dev: true

  /has-flag/4.0.0:
    resolution: {integrity: sha1-lEdx/ZyByBJlxNaUGGDaBrtZR5s=, tarball: has-flag/download/has-flag-4.0.0.tgz}
    engines: {node: '>=8'}
    dev: true

  /ignore/4.0.6:
    resolution: {integrity: sha512-cyFDKrqc/YdcWFniJhzI42+AzS+gNwmUzOSFcRCQYwySuBBBy/KjuxWLZ/FHEH6Moq1NizMOBWyTcv8O4OZIMg==, tarball: ignore/download/ignore-4.0.6.tgz}
    engines: {node: '>= 4'}
    dev: true

  /ignore/5.2.0:
    resolution: {integrity: sha512-CmxgYGiEPCLhfLnpPp1MoRmifwEIOgjcHXxOBjv7mY96c+eWScsOP9c112ZyLdWHi0FxHjI+4uVhKYp/gcdRmQ==, tarball: ignore/download/ignore-5.2.0.tgz}
    engines: {node: '>= 4'}
    dev: true

  /import-fresh/3.3.0:
    resolution: {integrity: sha1-NxYsJfy566oublPVtNiM4X2eDCs=, tarball: import-fresh/download/import-fresh-3.3.0.tgz}
    engines: {node: '>=6'}
    dependencies:
      parent-module: 1.0.1
      resolve-from: 4.0.0
    dev: true

  /imurmurhash/0.1.4:
    resolution: {integrity: sha1-khi5srkoojixPcT7a21XbyMUU+o=, tarball: imurmurhash/download/imurmurhash-0.1.4.tgz}
    engines: {node: '>=0.8.19'}
    dev: true

  /inflight/1.0.6:
    resolution: {integrity: sha1-Sb1jMdfQLQwJvJEKEHW6gWW1bfk=, tarball: inflight/download/inflight-1.0.6.tgz}
    dependencies:
      once: 1.4.0
      wrappy: 1.0.2
    dev: true

  /inherits/2.0.4:
    resolution: {integrity: sha1-D6LGT5MpF8NDOg3tVTY6rjdBa3w=, tarball: inherits/download/inherits-2.0.4.tgz}
    dev: true

  /is-extglob/2.1.1:
    resolution: {integrity: sha1-qIwCU1eR8C7TfHahueqXc8gz+MI=, tarball: is-extglob/download/is-extglob-2.1.1.tgz}
    engines: {node: '>=0.10.0'}
    dev: true

  /is-glob/4.0.3:
    resolution: {integrity: sha1-ZPYeQsu7LuwgcanawLKLoeZdUIQ=, tarball: is-glob/download/is-glob-4.0.3.tgz}
    engines: {node: '>=0.10.0'}
    dependencies:
      is-extglob: 2.1.1
    dev: true

  /is-number/7.0.0:
    resolution: {integrity: sha1-dTU0W4lnNNX4DE0GxQlVUnoU8Ss=, tarball: is-number/download/is-number-7.0.0.tgz}
    engines: {node: '>=0.12.0'}
    dev: true

  /isexe/2.0.0:
    resolution: {integrity: sha1-6PvzdNxVb/iUehDcsFctYz8s+hA=, tarball: isexe/download/isexe-2.0.0.tgz}
    dev: true

  /js-yaml/4.1.0:
    resolution: {integrity: sha512-wpxZs9NoxZaJESJGIZTyDEaYpl0FKSA+FB9aJiyemKhMwkxQg63h4T1KJgUGHpTqPDNRcmmYLugrRjJlBtWvRA==, tarball: js-yaml/download/js-yaml-4.1.0.tgz}
    hasBin: true
    dependencies:
      argparse: 2.0.1
    dev: true

  /json-schema-traverse/0.4.1:
    resolution: {integrity: sha1-afaofZUTq4u4/mO9sJecRI5oRmA=, tarball: json-schema-traverse/download/json-schema-traverse-0.4.1.tgz}
    dev: true

  /json-stable-stringify-without-jsonify/1.0.1:
    resolution: {integrity: sha1-nbe1lJatPzz+8wp1FC0tkwrXJlE=, tarball: json-stable-stringify-without-jsonify/download/json-stable-stringify-without-jsonify-1.0.1.tgz}
    dev: true

  /jsonfile/6.1.0:
    resolution: {integrity: sha1-vFWyY0eTxnnsZAMJTrE2mKbsCq4=, tarball: jsonfile/download/jsonfile-6.1.0.tgz}
    dependencies:
      universalify: 2.0.0
    optionalDependencies:
      graceful-fs: 4.2.9
    dev: true

  /levn/0.4.1:
    resolution: {integrity: sha1-rkViwAdHO5MqYgDUAyaN0v/8at4=, tarball: levn/download/levn-0.4.1.tgz}
    engines: {node: '>= 0.8.0'}
    dependencies:
      prelude-ls: 1.2.1
      type-check: 0.4.0
    dev: true

  /lodash.merge/4.6.2:
    resolution: {integrity: sha1-VYqlO0O2YeGSWgr9+japoQhf5Xo=, tarball: lodash.merge/download/lodash.merge-4.6.2.tgz}
    dev: true

  /lru-cache/6.0.0:
    resolution: {integrity: sha1-bW/mVw69lqr5D8rR2vo7JWbbOpQ=, tarball: lru-cache/download/lru-cache-6.0.0.tgz}
    engines: {node: '>=10'}
    dependencies:
      yallist: 4.0.0
    dev: true

  /map-stream/0.1.0:
    resolution: {integrity: sha1-5WqpTEyAVaFkBKBnS3jyFffI4ZQ=, tarball: map-stream/download/map-stream-0.1.0.tgz}
    dev: true

  /merge2/1.4.1:
    resolution: {integrity: sha1-Q2iJL4hekHRVpv19xVwMnUBJkK4=, tarball: merge2/download/merge2-1.4.1.tgz}
    engines: {node: '>= 8'}
    dev: true

  /micromatch/4.0.4:
    resolution: {integrity: sha1-iW1Rnf6dsl/OlM63pQCRm/iB6/k=, tarball: micromatch/download/micromatch-4.0.4.tgz?cache=0&sync_timestamp=1632822666893&other_urls=https%3A%2F%2Fregistry.npmmirror.com%2Fmicromatch%2Fdownload%2Fmicromatch-4.0.4.tgz}
    engines: {node: '>=8.6'}
    dependencies:
      braces: 3.0.2
      picomatch: 2.3.1
    dev: true

  /mime-db/1.51.0:
    resolution: {integrity: sha512-5y8A56jg7XVQx2mbv1lu49NR4dokRnhZYTtL+KGfaa27uq4pSTXkwQkFJl4pkRMyNFz/EtYDSkiiEHx3F7UN6g==, tarball: mime-db/download/mime-db-1.51.0.tgz}
    engines: {node: '>= 0.6'}
    dev: true

  /mime-types/2.1.34:
    resolution: {integrity: sha512-6cP692WwGIs9XXdOO4++N+7qjqv0rqxxVvJ3VHPh/Sc9mVZcQP+ZGhkKiTvWMQRr2tbHkJP/Yn7Y0npb3ZBs4A==, tarball: mime-types/download/mime-types-2.1.34.tgz?cache=0&sync_timestamp=1636436454904&other_urls=https%3A%2F%2Fregistry.npmmirror.com%2Fmime-types%2Fdownload%2Fmime-types-2.1.34.tgz}
    engines: {node: '>= 0.6'}
    dependencies:
      mime-db: 1.51.0
    dev: true

  /minimatch/3.0.4:
    resolution: {integrity: sha1-UWbihkV/AzBgZL5Ul+jbsMPTIIM=, tarball: minimatch/download/minimatch-3.0.4.tgz}
    dependencies:
      brace-expansion: 1.1.11
    dev: true

  /minimist/1.2.5:
    resolution: {integrity: sha1-Z9ZgFLZqaoqqDAg8X9WN9OTpdgI=, tarball: minimist/download/minimist-1.2.5.tgz}
    dev: true

  /ms/2.1.2:
    resolution: {integrity: sha1-0J0fNXtEP0kzgqjrPM0YOHKuYAk=, tarball: ms/download/ms-2.1.2.tgz?cache=0&sync_timestamp=1632822734970&other_urls=https%3A%2F%2Fregistry.npmmirror.com%2Fms%2Fdownload%2Fms-2.1.2.tgz}
    dev: true

  /natural-compare/1.4.0:
    resolution: {integrity: sha1-Sr6/7tdUHywnrPspvbvRXI1bpPc=, tarball: natural-compare/download/natural-compare-1.4.0.tgz}
    dev: true

  /node-fetch/2.6.6:
    resolution: {integrity: sha1-F1GnwBg06OFpd1hzLp77burfr4k=, tarball: node-fetch/download/node-fetch-2.6.6.tgz}
    engines: {node: 4.x || >=6.0.0}
    dependencies:
      whatwg-url: 5.0.0
    dev: true

  /once/1.4.0:
    resolution: {integrity: sha1-WDsap3WWHUsROsF9nFC6753Xa9E=, tarball: once/download/once-1.4.0.tgz}
    dependencies:
      wrappy: 1.0.2
    dev: true

  /optionator/0.9.1:
    resolution: {integrity: sha1-TyNqY3Pa4FZqbUPhMmZ09QwpFJk=, tarball: optionator/download/optionator-0.9.1.tgz}
    engines: {node: '>= 0.8.0'}
    dependencies:
      deep-is: 0.1.4
      fast-levenshtein: 2.0.6
      levn: 0.4.1
      prelude-ls: 1.2.1
      type-check: 0.4.0
      word-wrap: 1.2.3
    dev: true

  /parent-module/1.0.1:
    resolution: {integrity: sha1-aR0nCeeMefrjoVZiJFLQB2LKqqI=, tarball: parent-module/download/parent-module-1.0.1.tgz}
    engines: {node: '>=6'}
    dependencies:
      callsites: 3.1.0
    dev: true

  /path-is-absolute/1.0.1:
    resolution: {integrity: sha1-F0uSaHNVNP+8es5r9TpanhtcX18=, tarball: path-is-absolute/download/path-is-absolute-1.0.1.tgz}
    engines: {node: '>=0.10.0'}
    dev: true

  /path-key/3.1.1:
    resolution: {integrity: sha1-WB9q3mWMu6ZaDTOA3ndTKVBU83U=, tarball: path-key/download/path-key-3.1.1.tgz}
    engines: {node: '>=8'}
    dev: true

  /path-type/4.0.0:
    resolution: {integrity: sha1-hO0BwKe6OAr+CdkKjBgNzZ0DBDs=, tarball: path-type/download/path-type-4.0.0.tgz}
    engines: {node: '>=8'}
    dev: true

  /pause-stream/0.0.11:
    resolution: {integrity: sha1-/lo0sMvOErWqaitAPuLnO2AvFEU=, tarball: pause-stream/download/pause-stream-0.0.11.tgz}
    dependencies:
      through: 2.3.8
    dev: true

  /picomatch/2.3.1:
    resolution: {integrity: sha512-JU3teHTNjmE2VCGFzuY8EXzCDVwEqB2a8fsIvwaStHhAWJEeVd1o1QD80CU6+ZdEXXSLbSsuLwJjkCBWqRQUVA==, tarball: picomatch/download/picomatch-2.3.1.tgz}
    engines: {node: '>=8.6'}
    dev: true

  /prelude-ls/1.2.1:
    resolution: {integrity: sha1-3rxkidem5rDnYRiIzsiAM30xY5Y=, tarball: prelude-ls/download/prelude-ls-1.2.1.tgz}
    engines: {node: '>= 0.8.0'}
    dev: true

  /prettier-linter-helpers/1.0.0:
    resolution: {integrity: sha1-0j1B/hN1ZG3i0BBNNFSjAIgCz3s=, tarball: prettier-linter-helpers/download/prettier-linter-helpers-1.0.0.tgz}
    engines: {node: '>=6.0.0'}
    dependencies:
      fast-diff: 1.2.0
    dev: true

  /prettier/2.5.1:
    resolution: {integrity: sha512-vBZcPRUR5MZJwoyi3ZoyQlc1rXeEck8KgeC9AwwOn+exuxLxq5toTRDTSaVrXHxelDMHy9zlicw8u66yxoSUFg==, tarball: prettier/download/prettier-2.5.1.tgz}
    engines: {node: '>=10.13.0'}
    hasBin: true
    dev: true

  /progress/2.0.3:
    resolution: {integrity: sha512-7PiHtLll5LdnKIMw100I+8xJXR5gW2QwWYkT6iJva0bXitZKa/XMrSbdmg3r2Xnaidz9Qumd0VPaMrZlF9V9sA==, tarball: progress/download/progress-2.0.3.tgz}
    engines: {node: '>=0.4.0'}
    dev: true

  /ps-tree/1.2.0:
    resolution: {integrity: sha1-XnQluJUIc2zdTyIk0Cj3uz9yLr0=, tarball: ps-tree/download/ps-tree-1.2.0.tgz}
    engines: {node: '>= 0.10'}
    hasBin: true
    dependencies:
      event-stream: 3.3.4
    dev: true

  /punycode/2.1.1:
    resolution: {integrity: sha1-tYsBCsQMIsVldhbI0sLALHv0eew=, tarball: punycode/download/punycode-2.1.1.tgz}
    engines: {node: '>=6'}
    dev: true

  /queue-microtask/1.2.3:
    resolution: {integrity: sha1-SSkii7xyTfrEPg77BYyve2z7YkM=, tarball: queue-microtask/download/queue-microtask-1.2.3.tgz}
    dev: true

  /regenerator-runtime/0.13.9:
    resolution: {integrity: sha512-p3VT+cOEgxFsRRA9X4lkI1E+k2/CtnKtU4gcxyaCUreilL/vqI6CdZ3wxVUx3UOUg+gnUOQQcRI7BmSI656MYA==, tarball: regenerator-runtime/download/regenerator-runtime-0.13.9.tgz}
    dev: true

  /regexpp/3.2.0:
    resolution: {integrity: sha1-BCWido2PI7rXDKS5BGH6LxIT4bI=, tarball: regexpp/download/regexpp-3.2.0.tgz?cache=0&sync_timestamp=1632822771668&other_urls=https%3A%2F%2Fregistry.npmmirror.com%2Fregexpp%2Fdownload%2Fregexpp-3.2.0.tgz}
    engines: {node: '>=8'}
    dev: true

  /resolve-from/4.0.0:
    resolution: {integrity: sha1-SrzYUq0y3Xuqv+m0DgCjbbXzkuY=, tarball: resolve-from/download/resolve-from-4.0.0.tgz}
    engines: {node: '>=4'}
    dev: true

  /reusify/1.0.4:
    resolution: {integrity: sha1-kNo4Kx4SbvwCFG6QhFqI2xKSXXY=, tarball: reusify/download/reusify-1.0.4.tgz}
    engines: {iojs: '>=1.0.0', node: '>=0.10.0'}
    dev: true

  /rimraf/3.0.2:
    resolution: {integrity: sha1-8aVAK6YiCtUswSgrrBrjqkn9Bho=, tarball: rimraf/download/rimraf-3.0.2.tgz}
    hasBin: true
    dependencies:
      glob: 7.2.0
    dev: true

  /run-parallel/1.2.0:
    resolution: {integrity: sha1-ZtE2jae9+SHrnZW9GpIp5/IaQ+4=, tarball: run-parallel/download/run-parallel-1.2.0.tgz}
    dependencies:
      queue-microtask: 1.2.3
    dev: true

  /semver/7.3.5:
    resolution: {integrity: sha1-C2Ich5NI2JmOSw5L6Us/EuYBjvc=, tarball: semver/download/semver-7.3.5.tgz}
    engines: {node: '>=10'}
    hasBin: true
    dependencies:
      lru-cache: 6.0.0
    dev: true

  /shebang-command/2.0.0:
    resolution: {integrity: sha1-zNCvT4g1+9wmW4JGGq8MNmY/NOo=, tarball: shebang-command/download/shebang-command-2.0.0.tgz}
    engines: {node: '>=8'}
    dependencies:
      shebang-regex: 3.0.0
    dev: true

  /shebang-regex/3.0.0:
    resolution: {integrity: sha1-rhbxZE2HPsrYQ7AwexQzYtTEIXI=, tarball: shebang-regex/download/shebang-regex-3.0.0.tgz}
    engines: {node: '>=8'}
    dev: true

  /slash/3.0.0:
    resolution: {integrity: sha1-ZTm+hwwWWtvVJAIg2+Nh8bxNRjQ=, tarball: slash/download/slash-3.0.0.tgz?cache=0&sync_timestamp=1632822671385&other_urls=https%3A%2F%2Fregistry.npmmirror.com%2Fslash%2Fdownload%2Fslash-3.0.0.tgz}
    engines: {node: '>=8'}
    dev: true

  /slash/4.0.0:
    resolution: {integrity: sha1-JCI3IXbExsWt214q2oha+YSzlqc=, tarball: slash/download/slash-4.0.0.tgz?cache=0&sync_timestamp=1632822671385&other_urls=https%3A%2F%2Fregistry.npmmirror.com%2Fslash%2Fdownload%2Fslash-4.0.0.tgz}
    engines: {node: '>=12'}
    dev: true

  /split/0.3.3:
    resolution: {integrity: sha1-zQ7qXmOiEd//frDwkcQTPi0N0o8=, tarball: split/download/split-0.3.3.tgz?cache=0&sync_timestamp=1632822694260&other_urls=https%3A%2F%2Fregistry.npmmirror.com%2Fsplit%2Fdownload%2Fsplit-0.3.3.tgz}
    dependencies:
      through: 2.3.8
    dev: true

  /stream-combiner/0.0.4:
    resolution: {integrity: sha1-TV5DPBhSYd3mI8o/RMWGvPXErRQ=, tarball: stream-combiner/download/stream-combiner-0.0.4.tgz}
    dependencies:
      duplexer: 0.1.2
    dev: true

  /strip-ansi/6.0.1:
    resolution: {integrity: sha1-nibGPTD1NEPpSJSVshBdN7Z6hdk=, tarball: strip-ansi/download/strip-ansi-6.0.1.tgz?cache=0&sync_timestamp=1632822728166&other_urls=https%3A%2F%2Fregistry.npmmirror.com%2Fstrip-ansi%2Fdownload%2Fstrip-ansi-6.0.1.tgz}
    engines: {node: '>=8'}
    dependencies:
      ansi-regex: 5.0.1
    dev: true

  /strip-json-comments/3.1.1:
    resolution: {integrity: sha1-MfEoGzgyYwQ0gxwxDAHMzajL4AY=, tarball: strip-json-comments/download/strip-json-comments-3.1.1.tgz}
    engines: {node: '>=8'}
    dev: true

  /supports-color/7.2.0:
    resolution: {integrity: sha1-G33NyzK4E4gBs+R4umpRyqiWSNo=, tarball: supports-color/download/supports-color-7.2.0.tgz}
    engines: {node: '>=8'}
    dependencies:
      has-flag: 4.0.0
    dev: true

  /swcr/1.0.2_@swc+core@1.2.129:
    resolution: {integrity: sha512-ttSPRa7kjMovtyCG7gHUVX6zHFNumjIrNEv1sMPRyI8miKtHvF/WrgBCBI3Bctnngnb4uyy0NPa7R/DeNc+vSA==, tarball: swcr/download/swcr-1.0.2.tgz}
    engines: {node: '>=14'}
    peerDependencies:
      '@swc/core': ^1.2.126
    dependencies:
      '@swc/core': 1.2.129
    dev: true

  /swno/1.0.2:
    resolution: {integrity: sha512-zo9dIo4ASfBn3vaAzMaxUaHrd1bC95q5n3WDsguvcaY3Rv7/TF/f+NYxIS4swt6CTK2SCMo5MWZ4fJaPOTA+ig==, tarball: swno/download/swno-1.0.2.tgz}
    hasBin: true
    dependencies:
      '@swc/core': 1.2.129
      cross-spawn: 7.0.3
      regenerator-runtime: 0.13.9
      swcr: 1.0.2_@swc+core@1.2.129
    dev: true

  /text-table/0.2.0:
    resolution: {integrity: sha1-f17oI66AUgfACvLfSoTsP8+lcLQ=, tarball: text-table/download/text-table-0.2.0.tgz}
    dev: true

  /through/2.3.8:
    resolution: {integrity: sha1-DdTJ/6q8NXlgsbckEV1+Doai4fU=, tarball: through/download/through-2.3.8.tgz}
    dev: true

  /to-regex-range/5.0.1:
    resolution: {integrity: sha1-FkjESq58jZiKMmAY7XL1tN0DkuQ=, tarball: to-regex-range/download/to-regex-range-5.0.1.tgz}
    engines: {node: '>=8.0'}
    dependencies:
      is-number: 7.0.0
    dev: true

  /tr46/0.0.3:
    resolution: {integrity: sha1-gYT9NH2snNwYWZLzpmIuFLnZq2o=, tarball: tr46/download/tr46-0.0.3.tgz}
    dev: true

  /tslib/1.14.1:
    resolution: {integrity: sha512-Xni35NKzjgMrwevysHTCArtLDpPvye8zV/0E4EyYn43P7/7qvQwPh9BGkHewbMulVntbigmcT7rdX3BNo9wRJg==, tarball: tslib/download/tslib-1.14.1.tgz}
    dev: true

  /tsutils/3.21.0_typescript@4.5.4:
    resolution: {integrity: sha1-tIcX05TOpsHglpg+7Vjp1hcVtiM=, tarball: tsutils/download/tsutils-3.21.0.tgz?cache=0&sync_timestamp=1632822771870&other_urls=https%3A%2F%2Fregistry.npmmirror.com%2Ftsutils%2Fdownload%2Ftsutils-3.21.0.tgz}
    engines: {node: '>= 6'}
    peerDependencies:
      typescript: '>=2.8.0 || >= 3.2.0-dev || >= 3.3.0-dev || >= 3.4.0-dev || >= 3.5.0-dev || >= 3.6.0-dev || >= 3.6.0-beta || >= 3.7.0-dev || >= 3.7.0-beta'
    dependencies:
      tslib: 1.14.1
      typescript: 4.5.4
    dev: true

  /type-check/0.4.0:
    resolution: {integrity: sha1-B7ggO/pwVsBlcFDjzNLDdzC6uPE=, tarball: type-check/download/type-check-0.4.0.tgz}
    engines: {node: '>= 0.8.0'}
    dependencies:
      prelude-ls: 1.2.1
    dev: true

  /type-fest/0.20.2:
    resolution: {integrity: sha1-G/IH9LKPkVg2ZstfvTJ4hzAc1fQ=, tarball: type-fest/download/type-fest-0.20.2.tgz}
    engines: {node: '>=10'}
    dev: true

  /typescript/4.5.4:
    resolution: {integrity: sha512-VgYs2A2QIRuGphtzFV7aQJduJ2gyfTljngLzjpfW9FoYZF6xuw1W0vW9ghCKLfcWrCFxK81CSGRAvS1pn4fIUg==, tarball: typescript/download/typescript-4.5.4.tgz}
    engines: {node: '>=4.2.0'}
    hasBin: true
    dev: true

  /universalify/2.0.0:
    resolution: {integrity: sha1-daSYTv7cSwiXXFrrc/Uw0C3yVxc=, tarball: universalify/download/universalify-2.0.0.tgz}
    engines: {node: '>= 10.0.0'}
    dev: true

  /uri-js/4.4.1:
    resolution: {integrity: sha1-mxpSWVIlhZ5V9mnZKPiMbFfyp34=, tarball: uri-js/download/uri-js-4.4.1.tgz}
    dependencies:
      punycode: 2.1.1
    dev: true

  /v8-compile-cache/2.3.0:
    resolution: {integrity: sha1-LeGWGMZtwkfc+2+ZM4A12CRaLO4=, tarball: v8-compile-cache/download/v8-compile-cache-2.3.0.tgz}
    dev: true

  /webidl-conversions/3.0.1:
    resolution: {integrity: sha1-JFNCdeKnvGvnvIZhHMFq4KVlSHE=, tarball: webidl-conversions/download/webidl-conversions-3.0.1.tgz}
    dev: true

  /whatwg-url/5.0.0:
    resolution: {integrity: sha1-lmRU6HZUYuN2RNNib2dCzotwll0=, tarball: whatwg-url/download/whatwg-url-5.0.0.tgz}
    dependencies:
      tr46: 0.0.3
      webidl-conversions: 3.0.1
    dev: true

  /which/2.0.2:
    resolution: {integrity: sha1-fGqN0KY2oDJ+ELWckobu6T8/UbE=, tarball: which/download/which-2.0.2.tgz}
    engines: {node: '>= 8'}
    hasBin: true
    dependencies:
      isexe: 2.0.0
    dev: true

  /word-wrap/1.2.3:
    resolution: {integrity: sha1-YQY29rH3A4kb00dxzLF/uTtHB5w=, tarball: word-wrap/download/word-wrap-1.2.3.tgz}
    engines: {node: '>=0.10.0'}
    dev: true

  /wrappy/1.0.2:
    resolution: {integrity: sha1-tSQ9jz7BqjXxNkYFvA0QNuMKtp8=, tarball: wrappy/download/wrappy-1.0.2.tgz}
    dev: true

  /yallist/4.0.0:
    resolution: {integrity: sha1-m7knkNnA7/7GO+c1GeEaNQGaOnI=, tarball: yallist/download/yallist-4.0.0.tgz}
    dev: true

  /zx/4.2.0:
    resolution: {integrity: sha1-X3wV9ERq0zriNxflq6TAGZqpCFE=, tarball: zx/download/zx-4.2.0.tgz}
    engines: {node: '>= 14.13.0'}
    hasBin: true
    dependencies:
      '@types/fs-extra': 9.0.13
      '@types/minimist': 1.2.2
      '@types/node': 16.11.19
      '@types/node-fetch': 2.5.12
      chalk: 4.1.2
      fs-extra: 10.0.0
      globby: 12.0.2
      minimist: 1.2.5
      node-fetch: 2.6.6
      ps-tree: 1.2.0
      which: 2.0.2
    dev: true
